
Microsoft Visual Studio Solution File, Format Version 11.00
# Visual Studio 2010
Project("{FAE04EC0-301F-11D3-BF4B-00C04F79EFBC}") = "Assembly-CSharp", "Assembly-CSharp.csproj", "{b0d00d5a-ca4c-3ef7-7f8a-1461d42d8727}"
EndProject
Project("{FAE04EC0-301F-11D3-BF4B-00C04F79EFBC}") = "Assembly-CSharp-Editor", "Assembly-CSharp-Editor.csproj", "{a04fbb51-1c64-62b8-87cf-65dc4aadb7d9}"
EndProject
Global
	GlobalSection(SolutionConfigurationPlatforms) = preSolution
		Debug|Any CPU = Debug|Any CPU
	EndGlobalSection
	GlobalSection(ProjectConfigurationPlatforms) = postSolution
		{b0d00d5a-ca4c-3ef7-7f8a-1461d42d8727}.Debug|Any CPU.ActiveCfg = Debug|Any CPU
		{b0d00d5a-ca4c-3ef7-7f8a-1461d42d8727}.Debug|Any CPU.Build.0 = Debug|Any CPU
		{a04fbb51-1c64-62b8-87cf-65dc4aadb7d9}.Debug|Any CPU.ActiveCfg = Debug|Any CPU
		{a04fbb51-1c64-62b8-87cf-65dc4aadb7d9}.Debug|Any CPU.Build.0 = Debug|Any CPU
	EndGlobalSection
	GlobalSection(SolutionProperties) = preSolution
		HideSolutionNode = FALSE
	EndGlobalSection
EndGlobal
